// !$*UTF8*$!
{
	archiveVersion = 1;
	classes = {
	};
	objectVersion = 50;
	objects = {

/* Begin PBXBuildFile section */
		3AED395A20F30AF40095D7C1 /* AppDelegate.m in Sources */ = {isa = PBXBuildFile; fileRef = 3AED395920F30AF40095D7C1 /* AppDelegate.m */; };
		3AED395D20F30AF40095D7C1 /* ViewController.m in Sources */ = {isa = PBXBuildFile; fileRef = 3AED395C20F30AF40095D7C1 /* ViewController.m */; };
		3AED396020F30AF40095D7C1 /* Main.storyboard in Resources */ = {isa = PBXBuildFile; fileRef = 3AED395E20F30AF40095D7C1 /* Main.storyboard */; };
		3AED396220F30AF50095D7C1 /* Assets.xcassets in Resources */ = {isa = PBXBuildFile; fileRef = 3AED396120F30AF50095D7C1 /* Assets.xcassets */; };
		3AED396520F30AF50095D7C1 /* LaunchScreen.storyboard in Resources */ = {isa = PBXBuildFile; fileRef = 3AED396320F30AF50095D7C1 /* LaunchScreen.storyboard */; };
		3AED396820F30AF50095D7C1 /* main.m in Sources */ = {isa = PBXBuildFile; fileRef = 3AED396720F30AF50095D7C1 /* main.m */; };
/* End PBXBuildFile section */

/* Begin PBXFileReference section */
		3AED395520F30AF40095D7C1 /* FengXH.app */ = {isa = PBXFileReference; explicitFileType = wrapper.application; includeInIndex = 0; path = FengXH.app; sourceTree = BUILT_PRODUCTS_DIR; };
		3AED395820F30AF40095D7C1 /* AppDelegate.h */ = {isa = PBXFileReference; lastKnownFileType = sourcecode.c.h; path = AppDelegate.h; sourceTree = "<group>"; };
		3AED395920F30AF40095D7C1 /* AppDelegate.m */ = {isa = PBXFileReference; lastKnownFileType = sourcecode.c.objc; path = AppDelegate.m; sourceTree = "<group>"; };
		3AED395B20F30AF40095D7C1 /* ViewController.h */ = {isa = PBXFileReference; lastKnownFileType = sourcecode.c.h; path = ViewController.h; sourceTree = "<group>"; };
		3AED395C20F30AF40095D7C1 /* ViewController.m */ = {isa = PBXFileReference; lastKnownFileType = sourcecode.c.objc; path = ViewController.m; sourceTree = "<group>"; };
		3AED395F20F30AF40095D7C1 /* Base */ = {isa = PBXFileReference; lastKnownFileType = file.storyboard; name = Base; path = Base.lproj/Main.storyboard; sourceTree = "<group>"; };
		3AED396120F30AF50095D7C1 /* Assets.xcassets */ = {isa = PBXFileReference; lastKnownFileType = folder.assetcatalog; path = Assets.xcassets; sourceTree = "<group>"; };
		3AED396420F30AF50095D7C1 /* Base */ = {isa = PBXFileReference; lastKnownFileType = file.storyboard; name = Base; path = Base.lproj/LaunchScreen.storyboard; sourceTree = "<group>"; };
		3AED396620F30AF50095D7C1 /* Info.plist */ = {isa = PBXFileReference; lastKnownFileType = text.plist.xml; path = Info.plist; sourceTree = "<group>"; };
		3AED396720F30AF50095D7C1 /* main.m */ = {isa = PBXFileReference; lastKnownFileType = sourcecode.c.objc; path = main.m; sourceTree = "<group>"; };
/* End PBXFileReference section */

/* Begin PBXFrameworksBuildPhase section */
		3AED395220F30AF40095D7C1 /* Frameworks */ = {
			isa = PBXFrameworksBuildPhase;
			buildActionMask = 2147483647;
			files = (
			);
			runOnlyForDeploymentPostprocessing = 0;
		};
/* End PBXFrameworksBuildPhase section */

/* Begin PBXGroup section */
		3AED394C20F30AF40095D7C1 = {
			isa = PBXGroup;
			children = (
				3AED395720F30AF40095D7C1 /* FengXH */,
				3AED395620F30AF40095D7C1 /* Products */,
			);
			sourceTree = "<group>";
		};
		3AED395620F30AF40095D7C1 /* Products */ = {
			isa = PBXGroup;
			children = (
				3AED395520F30AF40095D7C1 /* FengXH.app */,
			);
			name = Products;
			sourceTree = "<group>";
		};
		3AED395720F30AF40095D7C1 /* FengXH */ = {
			isa = PBXGroup;
			children = (
				3AED395820F30AF40095D7C1 /* AppDelegate.h */,
				3AED395920F30AF40095D7C1 /* AppDelegate.m */,
				3AED395B20F30AF40095D7C1 /* ViewController.h */,
				3AED395C20F30AF40095D7C1 /* ViewController.m */,
				3AED395E20F30AF40095D7C1 /* Main.storyboard */,
				3AED396120F30AF50095D7C1 /* Assets.xcassets */,
				3AED396320F30AF50095D7C1 /* LaunchScreen.storyboard */,
				3AED396620F30AF50095D7C1 /* Info.plist */,
				3AED396720F30AF50095D7C1 /* main.m */,
			);
			path = FengXH;
			sourceTree = "<group>";
		};
/* End PBXGroup section */

/* Begin PBXNativeTarget section */
		3AED395420F30AF40095D7C1 /* FengXH */ = {
			isa = PBXNativeTarget;
			buildConfigurationList = 3AED396B20F30AF50095D7C1 /* Build configuration list for PBXNativeTarget "FengXH" */;
			buildPhases = (
				3AED395120F30AF40095D7C1 /* Sources */,
				3AED395220F30AF40095D7C1 /* Frameworks */,
				3AED395320F30AF40095D7C1 /* Resources */,
			);
			buildRules = (
			);
			dependencies = (
			);
			name = FengXH;
			productName = FengXH;
			productReference = 3AED395520F30AF40095D7C1 /* FengXH.app */;
			productType = "com.apple.product-type.application";
		};
/* End PBXNativeTarget section */

/* Begin PBXProject section */
		3AED394D20F30AF40095D7C1 /* Project object */ = {
			isa = PBXProject;
			attributes = {
				LastUpgradeCheck = 0940;
				ORGANIZATIONNAME = HubinSun;
				TargetAttributes = {
					3AED395420F30AF40095D7C1 = {
						CreatedOnToolsVersion = 9.4.1;
					};
				};
			};
			buildConfigurationList = 3AED395020F30AF40095D7C1 /* Build configuration list for PBXProject "FengXH" */;
			compatibilityVersion = "Xcode 9.3";
			developmentRegion = en;
			hasScannedForEncodings = 0;
			knownRegions = (
				en,
				Base,
			);
			mainGroup = 3AED394C20F30AF40095D7C1;
			productRefGroup = 3AED395620F30AF40095D7C1 /* Products */;
			projectDirPath = "";
			projectRoot = "";
			targets = (
				3AED395420F30AF40095D7C1 /* FengXH */,
			);
		};
/* End PBXProject section */

/* Begin PBXResourcesBuildPhase section */
		3AED395320F30AF40095D7C1 /* Resources */ = {
			isa = PBXResourcesBuildPhase;
			buildActionMask = 2147483647;
			files = (
				3AED396520F30AF50095D7C1 /* LaunchScreen.storyboard in Resources */,
				3AED396220F30AF50095D7C1 /* Assets.xcassets in Resources */,
				3AED396020F30AF40095D7C1 /* Main.storyboard in Resources */,
			);
			runOnlyForDeploymentPostprocessing = 0;
		};
/* End PBXResourcesBuildPhase section */

/* Begin PBXSourcesBuildPhase section */
		3AED395120F30AF40095D7C1 /* Sources */ = {
			isa = PBXSourcesBuildPhase;
			buildActionMask = 2147483647;
			files = (
				3AED395D20F30AF40095D7C1 /* ViewController.m in Sources */,
				3AED396820F30AF50095D7C1 /* main.m in Sources */,
				3AED395A20F30AF40095D7C1 /* AppDelegate.m in Sources */,
			);
			runOnlyForDeploymentPostprocessing = 0;
		};
/* End PBXSourcesBuildPhase section */

/* Begin PBXVariantGroup section */
		3AED395E20F30AF40095D7C1 /* Main.storyboard */ = {
			isa = PBXVariantGroup;
			children = (
				3AED395F20F30AF40095D7C1 /* Base */,
			);
			name = Main.storyboard;
			sourceTree = "<group>";
		};
		3AED396320F30AF50095D7C1 /* LaunchScreen.storyboard */ = {
			isa = PBXVariantGroup;
			children = (
				3AED396420F30AF50095D7C1 /* Base */,
			);
			name = LaunchScreen.storyboard;
			sourceTree = "<group>";
		};
/* End PBXVariantGroup section */

/* Begin XCBuildConfiguration section */
		3AED396920F30AF50095D7C1 /* Debug */ = {
			isa = XCBuildConfiguration;
			buildSettings = {
				ALWAYS_SEARCH_USER_PATHS = NO;
				CLANG_ANALYZER_NONNULL = YES;
				CLANG_ANALYZER_NUMBER_OBJECT_CONVERSION = YES_AGGRESSIVE;
				CLANG_CXX_LANGUAGE_STANDARD = "gnu++14";
				CLANG_CXX_LIBRARY = "libc++";
				CLANG_ENABLE_MODULES = YES;
				CLANG_ENABLE_OBJC_ARC = YES;
				CLANG_ENABLE_OBJC_WEAK = YES;
				CLANG_WARN_BLOCK_CAPTURE_AUTORELEASING = YES;
				CLANG_WARN_BOOL_CONVERSION = YES;
				CLANG_WARN_COMMA = YES;
				CLANG_WARN_CONSTANT_CONVERSION = YES;
				CLANG_WARN_DEPRECATED_OBJC_IMPLEMENTATIONS = YES;
				CLANG_WARN_DIRECT_OBJC_ISA_USAGE = YES_ERROR;
				CLANG_WARN_DOCUMENTATION_COMMENTS = YES;
				CLANG_WARN_EMPTY_BODY = YES;
				CLANG_WARN_ENUM_CONVERSION = YES;
				CLANG_WARN_INFINITE_RECURSION = YES;
				CLANG_WARN_INT_CONVERSION = YES;
				CLANG_WARN_NON_LITERAL_NULL_CONVERSION = YES;
				CLANG_WARN_OBJC_IMPLICIT_RETAIN_SELF = YES;
				CLANG_WARN_OBJC_LITERAL_CONVERSION = YES;
				CLANG_WARN_OBJC_ROOT_CLASS = YES_ERROR;
				CLANG_WARN_RANGE_LOOP_ANALYSIS = YES;
				CLANG_WARN_STRICT_PROTOTYPES = YES;
				CLANG_WARN_SUSPICIOUS_MOVE = YES;
				CLANG_WARN_UNGUARDED_AVAILABILITY = YES_AGGRESSIVE;
				CLANG_WARN_UNREACHABLE_CODE = YES;
				CLANG_WARN__DUPLICATE_METHOD_MATCH = YES;
				CODE_SIGN_IDENTITY = "iPhone Developer";
				COPY_PHASE_STRIP = NO;
				DEBUG_INFORMATION_FORMAT = dwarf;
				ENABLE_STRICT_OBJC_MSGSEND = YES;
				ENABLE_TESTABILITY = YES;
				GCC_C_LANGUAGE_STANDARD = gnu11;
				GCC_DYNAMIC_NO_PIC = NO;
				GCC_NO_COMMON_BLOCKS = YES;
				GCC_OPTIMIZATION_LEVEL = 0;
				GCC_PREPROCESSOR_DEFINITIONS = (
					"DEBUG=1",
					"$(inherited)",
				);
				GCC_WARN_64_TO_32_BIT_CONVERSION = YES;
				GCC_WARN_ABOUT_RETURN_TYPE = YES_ERROR;
				GCC_WARN_UNDECLARED_SELECTOR = YES;
				GCC_WARN_UNINITIALIZED_AUTOS = YES_AGGRESSIVE;
				GCC_WARN_UNUSED_FUNCTION = YES;
				GCC_WARN_UNUSED_VARIABLE = YES;
				IPHONEOS_DEPLOYMENT_TARGET = 11.4;
				MTL_ENABLE_DEBUG_INFO = YES;
				ONLY_ACTIVE_ARCH = YES;
				SDKROOT = iphoneos;
			};
			name = Debug;
		};
		3AED396A20F30AF50095D7C1 /* Release */ = {
			isa = XCBuildConfiguration;
			buildSettings = {
				ALWAYS_SEARCH_USER_PATHS = NO;
				CLANG_ANALYZER_NONNULL = YES;
				CLANG_ANALYZER_NUMBER_OBJECT_CONVERSION = YES_AGGRESSIVE;
				CLANG_CXX_LANGUAGE_STANDARD = "gnu++14";
				CLANG_CXX_LIBRARY = "libc++";
				CLANG_ENABLE_MODULES = YES;
				CLANG_ENABLE_OBJC_ARC = YES;
				CLANG_ENABLE_OBJC_WEAK = YES;
				CLANG_WARN_BLOCK_CAPTURE_AUTORELEASING = YES;
				CLANG_WARN_BOOL_CONVERSION = YES;
				CLANG_WARN_COMMA = YES;
				CLANG_WARN_CONSTANT_CONVERSION = YES;
				CLANG_WARN_DEPRECATED_OBJC_IMPLEMENTATIONS = YES;
				CLANG_WARN_DIRECT_OBJC_ISA_USAGE = YES_ERROR;
				CLANG_WARN_DOCUMENTATION_COMMENTS = YES;
				CLANG_WARN_EMPTY_BODY = YES;
				CLANG_WARN_ENUM_CONVERSION = YES;
				CLANG_WARN_INFINITE_RECURSION = YES;
				CLANG_WARN_INT_CONVERSION = YES;
				CLANG_WARN_NON_LITERAL_NULL_CONVERSION = YES;
				CLANG_WARN_OBJC_IMPLICIT_RETAIN_SELF = YES;
				CLANG_WARN_OBJC_LITERAL_CONVERSION = YES;
				CLANG_WARN_OBJC_ROOT_CLASS = YES_ERROR;
				CLANG_WARN_RANGE_LOOP_ANALYSIS = YES;
				CLANG_WARN_STRICT_PROTOTYPES = YES;
				CLANG_WARN_SUSPICIOUS_MOVE = YES;
				CLANG_WARN_UNGUARDED_AVAILABILITY = YES_AGGRESSIVE;
				CLANG_WARN_UNREACHABLE_CODE = YES;
				CLANG_WARN__DUPLICATE_METHOD_MATCH = YES;
				CODE_SIGN_IDENTITY = "iPhone Developer";
				COPY_PHASE_STRIP = NO;
				DEBUG_INFORMATION_FORMAT = "dwarf-with-dsym";
				ENABLE_NS_ASSERTIONS = NO;
				ENABLE_STRICT_OBJC_MSGSEND = YES;
				GCC_C_LANGUAGE_STANDARD = gnu11;
				GCC_NO_COMMON_BLOCKS = YES;
				GCC_WARN_64_TO_32_BIT_CONVERSION = YES;
				GCC_WARN_ABOUT_RETURN_TYPE = YES_ERROR;
				GCC_WARN_UNDECLARED_SELECTOR = YES;
				GCC_WARN_UNINITIALIZED_AUTOS = YES_AGGRESSIVE;
				GCC_WARN_UNUSED_FUNCTION = YES;
				GCC_WARN_UNUSED_VARIABLE = YES;
				IPHONEOS_DEPLOYMENT_TARGET = 11.4;
				MTL_ENABLE_DEBUG_INFO = NO;
				SDKROOT = iphoneos;
				VALIDATE_PRODUCT = YES;
			};
			name = Release;
		};
		3AED396C20F30AF50095D7C1 /* Debug */ = {
			isa = XCBuildConfiguration;
			buildSettings = {
				ASSETCATALOG_COMPILER_APPICON_NAME = AppIcon;
				CODE_SIGN_STYLE = Automatic;
				DEVELOPMENT_TEAM = EPKM76DFM8;
				INFOPLIST_FILE = FengXH/Info.plist;
				LD_RUNPATH_SEARCH_PATHS = (
					"$(inherited)",
					"@executable_path/Frameworks",
				);
				PRODUCT_BUNDLE_IDENTIFIER = HubinSun.FengXH;
				PRODUCT_NAME = "$(TARGET_NAME)";
				TARGETED_DEVICE_FAMILY = "1,2";
			};
			name = Debug;
		};
		3AED396D20F30AF50095D7C1 /* Release */ = {
			isa = XCBuildConfiguration;
			buildSettings = {
				ASSETCATALOG_COMPILER_APPICON_NAME = AppIcon;
				CODE_SIGN_STYLE = Automatic;
				DEVELOPMENT_TEAM = EPKM76DFM8;
				INFOPLIST_FILE = FengXH/Info.plist;
				LD_RUNPATH_SEARCH_PATHS = (
					"$(inherited)",
					"@executable_path/Frameworks",
				);
				PRODUCT_BUNDLE_IDENTIFIER = HubinSun.FengXH;
				PRODUCT_NAME = "$(TARGET_NAME)";
				TARGETED_DEVICE_FAMILY = "1,2";
			};
			name = Release;
		};
/* End XCBuildConfiguration section */

/* Begin XCConfigurationList section */
		3AED395020F30AF40095D7C1 /* Build configuration list for PBXProject "FengXH" */ = {
			isa = XCConfigurationList;
			buildConfigurations = (
				3AED396920F30AF50095D7C1 /* Debug */,
				3AED396A20F30AF50095D7C1 /* Release */,
			);
			defaultConfigurationIsVisible = 0;
			defaultConfigurationName = Release;
		};
		3AED396B20F30AF50095D7C1 /* Build configuration list for PBXNativeTarget "FengXH" */ = {
			isa = XCConfigurationList;
			buildConfigurations = (
				3AED396C20F30AF50095D7C1 /* Debug */,
				3AED396D20F30AF50095D7C1 /* Release */,
			);
			defaultConfigurationIsVisible = 0;
			defaultConfigurationName = Release;
		};
/* End XCConfigurationList section */
	};
	rootObject = 3AED394D20F30AF40095D7C1 /* Project object */;
}
